
Microsoft Visual Studio Solution File, Format Version 12.00
# Visual Studio Express 2012 for Windows Desktop
Project("{FAE04EC0-301F-11D3-BF4B-00C04F79EFBC}") = "TestZ80", "TestZ80\TestZ80.csproj", "{EC6876EA-6E90-4990-A88D-638A36759216}"
EndProject
Global
	GlobalSection(SolutionConfigurationPlatforms) = preSolution
		Debug|Any CPU = Debug|Any CPU
		Release|Any CPU = Release|Any CPU
	EndGlobalSection
	GlobalSection(ProjectConfigurationPlatforms) = postSolution
		{EC6876EA-6E90-4990-A88D-638A36759216}.Debug|Any CPU.ActiveCfg = Debug|Any CPU
		{EC6876EA-6E90-4990-A88D-638A36759216}.Debug|Any CPU.Build.0 = Debug|Any CPU
		{EC6876EA-6E90-4990-A88D-638A36759216}.Release|Any CPU.ActiveCfg = Release|Any CPU
		{EC6876EA-6E90-4990-A88D-638A36759216}.Release|Any CPU.Build.0 = Release|Any CPU
	EndGlobalSection
	GlobalSection(SolutionProperties) = preSolution
		HideSolutionNode = FALSE
	EndGlobalSection
EndGlobal
